{
  "name": "library-reader",
  "version": "1.0.0",
  "lockfileVersion": 3,
  "requires": true,
  "packages": {
    "": {
      "name": "library-reader",
      "version": "1.0.0",
      "license": "ISC",
      "dependencies": {
        "adm-zip": "^0.5.10",
        "pureimage": "^0.4.18"
      },
      "devDependencies": {
        "@types/node": "^22.13.0"
      }
    },
    "node_modules/@types/node": {
      "version": "22.13.1",
      "resolved": "https://registry.npmjs.org/@types/node/-/node-22.13.1.tgz",
      "integrity": "sha512-jK8uzQlrvXqEU91UxiK5J7pKHyzgnI1Qnl0QDHIgVGuolJhRb9EEl28Cj9b3rGR8B2lhFCtvIm5os8lFnO/1Ew==",
      "dev": true,
      "license": "MIT",
      "dependencies": {
        "undici-types": "~6.20.0"
      }
    },
    "node_modules/adm-zip": {
      "version": "0.5.16",
      "resolved": "https://registry.npmjs.org/adm-zip/-/adm-zip-0.5.16.tgz",
      "integrity": "sha512-TGw5yVi4saajsSEgz25grObGHEUaDrniwvA2qwSC060KfqGPdglhvPMA2lPIoxs3PQIItj2iag35fONcQqgUaQ==",
      "license": "MIT",
      "engines": {
        "node": ">=12.0"
      }
    },
    "node_modules/jpeg-js": {
      "version": "0.4.4",
      "resolved": "https://registry.npmjs.org/jpeg-js/-/jpeg-js-0.4.4.tgz",
      "integrity": "sha512-WZzeDOEtTOBK4Mdsar0IqEU5sMr3vSV2RqkAIzUEV2BHnUfKGyswWFPFwK5EeDo93K3FohSHbLAjj0s1Wzd+dg==",
      "license": "BSD-3-Clause"
    },
    "node_modules/opentype.js": {
      "version": "0.4.11",
      "resolved": "https://registry.npmjs.org/opentype.js/-/opentype.js-0.4.11.tgz",
      "integrity": "sha512-GthxucX/6aftfLdeU5Ho7o7zmQcC8uVtqdcelVq12X++ndxwBZG8Xb5rFEKT7nEcWDD2P1x+TNuJ70jtj1Mbpw==",
      "license": "MIT",
      "bin": {
        "ot": "bin/ot"
      }
    },
    "node_modules/pngjs": {
      "version": "7.0.0",
      "resolved": "https://registry.npmjs.org/pngjs/-/pngjs-7.0.0.tgz",
      "integrity": "sha512-LKWqWJRhstyYo9pGvgor/ivk2w94eSjE3RGVuzLGlr3NmD8bf7RcYGze1mNdEHRP6TRP6rMuDHk5t44hnTRyow==",
      "license": "MIT",
      "engines": {
        "node": ">=14.19.0"
      }
    },
    "node_modules/pureimage": {
      "version": "0.4.18",
      "resolved": "https://registry.npmjs.org/pureimage/-/pureimage-0.4.18.tgz",
      "integrity": "sha512-piyNT+J1bISJMHxz3VYUvgGLpQAa2NEt5nDdEIozO5Jhla0/jI/atSWFoRVTNrD5KosCMJSghohnqoIjWV0LEw==",
      "license": "MIT",
      "dependencies": {
        "jpeg-js": "^0.4.4",
        "opentype.js": "^0.4.3",
        "pngjs": "^7.0.0"
      },
      "engines": {
        "node": ">=14.19.0"
      }
    },
    "node_modules/undici-types": {
      "version": "6.20.0",
      "resolved": "https://registry.npmjs.org/undici-types/-/undici-types-6.20.0.tgz",
      "integrity": "sha512-Ny6QZ2Nju20vw1SRHe3d9jVu6gJ+4e3+MMpqu7pqE5HT6WsTSlce++GQmK5UXS8mzV8DSYHrQH+Xrf2jVcuKNg==",
      "dev": true,
      "license": "MIT"
    }
  }
}